# @generated by Move, please check-in and do not edit manually.

[move]
version = 2
manifest_digest = "9ED0D828AE0FF21F2AA6B980C6CFB9A82A0E15CEE8B34B3B20B04E71F00BBB05"
deps_digest = "F8BBB0CCB2491CA29A3DF03D6F92277A4F3574266507ACD77214D37ECA3F3082"
dependencies = [
  { name = "Sui" },
]

[[move.package]]
name = "MoveStdlib"
source = { git = "https://github.com/MystenLabs/sui.git", rev = "framework/testnet", subdir = "crates/sui-framework/packages/move-stdlib" }

[[move.package]]
name = "Sui"
source = { git = "https://github.com/MystenLabs/sui.git", rev = "framework/testnet", subdir = "crates/sui-framework/packages/sui-framework" }

dependencies = [
  { name = "MoveStdlib" },
]

[move.toolchain-version]
compiler-version = "1.32.0"
edition = "2024.beta"
flavor = "sui"

[env]

[env.testnet]
chain-id = "4c78adac"
original-published-id = "0x8270a230a7eb0fbbc1bf2e66e1568e3cbfa5564987052ead563d5f4673702f17"
latest-published-id = "0x8270a230a7eb0fbbc1bf2e66e1568e3cbfa5564987052ead563d5f4673702f17"
published-version = "1"

[env.devnet]
chain-id = "6b9b3fe9"
original-published-id = "0xe3f131afbc28eadba26516d24270bc5ee32b1f4ad1be29e978f4141d7b5d7361"
latest-published-id = "0xe3f131afbc28eadba26516d24270bc5ee32b1f4ad1be29e978f4141d7b5d7361"
published-version = "1"
